
Microsoft Visual Studio Solution File, Format Version 12.00
# Visual Studio Version 16
VisualStudioVersion = 16.0.32228.343
MinimumVisualStudioVersion = 10.0.40219.1
Project("{FAE04EC0-301F-11D3-BF4B-00C04F79EFBC}") = "HotelReservationsManagement", "HotelReservationsManagement\HotelReservationsManagement.csproj", "{D2CC03B9-2AEB-4734-B325-1881BBB49718}"
EndProject
Global
	GlobalSection(SolutionConfigurationPlatforms) = preSolution
		Debug|Any CPU = Debug|Any CPU
		Release|Any CPU = Release|Any CPU
	EndGlobalSection
	GlobalSection(ProjectConfigurationPlatforms) = postSolution
		{D2CC03B9-2AEB-4734-B325-1881BBB49718}.Debug|Any CPU.ActiveCfg = Debug|Any CPU
		{D2CC03B9-2AEB-4734-B325-1881BBB49718}.Debug|Any CPU.Build.0 = Debug|Any CPU
		{D2CC03B9-2AEB-4734-B325-1881BBB49718}.Release|Any CPU.ActiveCfg = Release|Any CPU
		{D2CC03B9-2AEB-4734-B325-1881BBB49718}.Release|Any CPU.Build.0 = Release|Any CPU
	EndGlobalSection
	GlobalSection(SolutionProperties) = preSolution
		HideSolutionNode = FALSE
	EndGlobalSection
	GlobalSection(ExtensibilityGlobals) = postSolution
		SolutionGuid = {1CD0AC8B-972D-4C89-B3F9-4EE8A7F81F0D}
	EndGlobalSection
EndGlobal
